{
  "name": "copy-npm-package",
  "version": "1.0.0",
  "lockfileVersion": 3,
  "requires": true,
  "packages": {
    "": {
      "name": "copy-npm-package",
      "version": "1.0.0",
      "license": "ISC",
      "dependencies": {
        "axios": "^1.7.9",
        "command-line-args": "^6.0.1",
        "lodash": "^4.17.21",
        "ssri": "^12.0.0"
      },
      "devDependencies": {
        "@types/command-line-args": "^5.2.3",
        "@types/lodash": "^4.17.14",
        "@types/node": "^22.10.7",
        "@types/npm": "^7.19.3",
        "@types/ssri": "^7.1.5",
        "typescript": "^5.7.3"
      }
    },
    "node_modules/@types/command-line-args": {
      "version": "5.2.3",
      "resolved": "https://registry.npmjs.org/@types/command-line-args/-/command-line-args-5.2.3.tgz",
      "integrity": "sha512-uv0aG6R0Y8WHZLTamZwtfsDLVRnOa+n+n5rEvFWL5Na5gZ8V2Teab/duDPFzIIIhs9qizDpcavCusCLJZu62Kw==",
      "dev": true,
      "license": "MIT"
    },
    "node_modules/@types/lodash": {
      "version": "4.17.14",
      "resolved": "https://registry.npmjs.org/@types/lodash/-/lodash-4.17.14.tgz",
      "integrity": "sha512-jsxagdikDiDBeIRaPYtArcT8my4tN1og7MtMRquFT3XNA6axxyHDRUemqDz/taRDdOUn0GnGHRCuff4q48sW9A==",
      "dev": true,
      "license": "MIT"
    },
    "node_modules/@types/node": {
      "version": "22.10.7",
      "resolved": "https://registry.npmjs.org/@types/node/-/node-22.10.7.tgz",
      "integrity": "sha512-V09KvXxFiutGp6B7XkpaDXlNadZxrzajcY50EuoLIpQ6WWYCSvf19lVIazzfIzQvhUN2HjX12spLojTnhuKlGg==",
      "dev": true,
      "license": "MIT",
      "dependencies": {
        "undici-types": "~6.20.0"
      }
    },
    "node_modules/@types/npm": {
      "version": "7.19.3",
      "resolved": "https://registry.npmjs.org/@types/npm/-/npm-7.19.3.tgz",
      "integrity": "sha512-1fiJlMN0iDs42kFJZJX88SVUppp5zNQik0JVnI3mw28+vssBAz3TAvmhrPpupj1rBESV6bGYjEny30fu4Kst9g==",
      "dev": true,
      "license": "MIT",
      "dependencies": {
        "@types/node": "*"
      }
    },
    "node_modules/@types/ssri": {
      "version": "7.1.5",
      "resolved": "https://registry.npmjs.org/@types/ssri/-/ssri-7.1.5.tgz",
      "integrity": "sha512-odD/56S3B51liILSk5aXJlnYt99S6Rt9EFDDqGtJM26rKHApHcwyU/UoYHrzKkdkHMAIquGWCuHtQTbes+FRQw==",
      "dev": true,
      "license": "MIT",
      "dependencies": {
        "@types/node": "*"
      }
    },
    "node_modules/array-back": {
      "version": "6.2.2",
      "resolved": "https://registry.npmjs.org/array-back/-/array-back-6.2.2.tgz",
      "integrity": "sha512-gUAZ7HPyb4SJczXAMUXMGAvI976JoK3qEx9v1FTmeYuJj0IBiaKttG1ydtGKdkfqWkIkouke7nG8ufGy77+Cvw==",
      "license": "MIT",
      "engines": {
        "node": ">=12.17"
      }
    },
    "node_modules/asynckit": {
      "version": "0.4.0",
      "resolved": "https://registry.npmjs.org/asynckit/-/asynckit-0.4.0.tgz",
      "integrity": "sha512-Oei9OH4tRh0YqU3GxhX79dM/mwVgvbZJaSNaRk+bshkj0S5cfHcgYakreBjrHwatXKbz+IoIdYLxrKim2MjW0Q==",
      "license": "MIT"
    },
    "node_modules/axios": {
      "version": "1.7.9",
      "resolved": "https://registry.npmjs.org/axios/-/axios-1.7.9.tgz",
      "integrity": "sha512-LhLcE7Hbiryz8oMDdDptSrWowmB4Bl6RCt6sIJKpRB4XtVf0iEgewX3au/pJqm+Py1kCASkb/FFKjxQaLtxJvw==",
      "license": "MIT",
      "dependencies": {
        "follow-redirects": "^1.15.6",
        "form-data": "^4.0.0",
        "proxy-from-env": "^1.1.0"
      }
    },
    "node_modules/combined-stream": {
      "version": "1.0.8",
      "resolved": "https://registry.npmjs.org/combined-stream/-/combined-stream-1.0.8.tgz",
      "integrity": "sha512-FQN4MRfuJeHf7cBbBMJFXhKSDq+2kAArBlmRBvcvFE5BB1HZKXtSFASDhdlz9zOYwxh8lDdnvmMOe/+5cdoEdg==",
      "license": "MIT",
      "dependencies": {
        "delayed-stream": "~1.0.0"
      },
      "engines": {
        "node": ">= 0.8"
      }
    },
    "node_modules/command-line-args": {
      "version": "6.0.1",
      "resolved": "https://registry.npmjs.org/command-line-args/-/command-line-args-6.0.1.tgz",
      "integrity": "sha512-Jr3eByUjqyK0qd8W0SGFW1nZwqCaNCtbXjRo2cRJC1OYxWl3MZ5t1US3jq+cO4sPavqgw4l9BMGX0CBe+trepg==",
      "license": "MIT",
      "dependencies": {
        "array-back": "^6.2.2",
        "find-replace": "^5.0.2",
        "lodash.camelcase": "^4.3.0",
        "typical": "^7.2.0"
      },
      "engines": {
        "node": ">=12.20"
      },
      "peerDependencies": {
        "@75lb/nature": "latest"
      },
      "peerDependenciesMeta": {
        "@75lb/nature": {
          "optional": true
        }
      }
    },
    "node_modules/delayed-stream": {
      "version": "1.0.0",
      "resolved": "https://registry.npmjs.org/delayed-stream/-/delayed-stream-1.0.0.tgz",
      "integrity": "sha512-ZySD7Nf91aLB0RxL4KGrKHBXl7Eds1DAmEdcoVawXnLD7SDhpNgtuII2aAkg7a7QS41jxPSZ17p4VdGnMHk3MQ==",
      "license": "MIT",
      "engines": {
        "node": ">=0.4.0"
      }
    },
    "node_modules/find-replace": {
      "version": "5.0.2",
      "resolved": "https://registry.npmjs.org/find-replace/-/find-replace-5.0.2.tgz",
      "integrity": "sha512-Y45BAiE3mz2QsrN2fb5QEtO4qb44NcS7en/0y9PEVsg351HsLeVclP8QPMH79Le9sH3rs5RSwJu99W0WPZO43Q==",
      "license": "MIT",
      "engines": {
        "node": ">=14"
      },
      "peerDependencies": {
        "@75lb/nature": "latest"
      },
      "peerDependenciesMeta": {
        "@75lb/nature": {
          "optional": true
        }
      }
    },
    "node_modules/follow-redirects": {
      "version": "1.15.9",
      "resolved": "https://registry.npmjs.org/follow-redirects/-/follow-redirects-1.15.9.tgz",
      "integrity": "sha512-gew4GsXizNgdoRyqmyfMHyAmXsZDk6mHkSxZFCzW9gwlbtOW44CDtYavM+y+72qD/Vq2l550kMF52DT8fOLJqQ==",
      "funding": [
        {
          "type": "individual",
          "url": "https://github.com/sponsors/RubenVerborgh"
        }
      ],
      "license": "MIT",
      "engines": {
        "node": ">=4.0"
      },
      "peerDependenciesMeta": {
        "debug": {
          "optional": true
        }
      }
    },
    "node_modules/form-data": {
      "version": "4.0.1",
      "resolved": "https://registry.npmjs.org/form-data/-/form-data-4.0.1.tgz",
      "integrity": "sha512-tzN8e4TX8+kkxGPK8D5u0FNmjPUjw3lwC9lSLxxoB/+GtsJG91CO8bSWy73APlgAZzZbXEYZJuxjkHH2w+Ezhw==",
      "license": "MIT",
      "dependencies": {
        "asynckit": "^0.4.0",
        "combined-stream": "^1.0.8",
        "mime-types": "^2.1.12"
      },
      "engines": {
        "node": ">= 6"
      }
    },
    "node_modules/lodash": {
      "version": "4.17.21",
      "resolved": "https://registry.npmjs.org/lodash/-/lodash-4.17.21.tgz",
      "integrity": "sha512-v2kDEe57lecTulaDIuNTPy3Ry4gLGJ6Z1O3vE1krgXZNrsQ+LFTGHVxVjcXPs17LhbZVGedAJv8XZ1tvj5FvSg==",
      "license": "MIT"
    },
    "node_modules/lodash.camelcase": {
      "version": "4.3.0",
      "resolved": "https://registry.npmjs.org/lodash.camelcase/-/lodash.camelcase-4.3.0.tgz",
      "integrity": "sha512-TwuEnCnxbc3rAvhf/LbG7tJUDzhqXyFnv3dtzLOPgCG/hODL7WFnsbwktkD7yUV0RrreP/l1PALq/YSg6VvjlA==",
      "license": "MIT"
    },
    "node_modules/mime-db": {
      "version": "1.52.0",
      "resolved": "https://registry.npmjs.org/mime-db/-/mime-db-1.52.0.tgz",
      "integrity": "sha512-sPU4uV7dYlvtWJxwwxHD0PuihVNiE7TyAbQ5SWxDCB9mUYvOgroQOwYQQOKPJ8CIbE+1ETVlOoK1UC2nU3gYvg==",
      "license": "MIT",
      "engines": {
        "node": ">= 0.6"
      }
    },
    "node_modules/mime-types": {
      "version": "2.1.35",
      "resolved": "https://registry.npmjs.org/mime-types/-/mime-types-2.1.35.tgz",
      "integrity": "sha512-ZDY+bPm5zTTF+YpCrAU9nK0UgICYPT0QtT1NZWFv4s++TNkcgVaT0g6+4R2uI4MjQjzysHB1zxuWL50hzaeXiw==",
      "license": "MIT",
      "dependencies": {
        "mime-db": "1.52.0"
      },
      "engines": {
        "node": ">= 0.6"
      }
    },
    "node_modules/minipass": {
      "version": "7.1.2",
      "resolved": "https://registry.npmjs.org/minipass/-/minipass-7.1.2.tgz",
      "integrity": "sha512-qOOzS1cBTWYF4BH8fVePDBOO9iptMnGUEZwNc/cMWnTV2nVLZ7VoNWEPHkYczZA0pdoA7dl6e7FL659nX9S2aw==",
      "license": "ISC",
      "engines": {
        "node": ">=16 || 14 >=14.17"
      }
    },
    "node_modules/proxy-from-env": {
      "version": "1.1.0",
      "resolved": "https://registry.npmjs.org/proxy-from-env/-/proxy-from-env-1.1.0.tgz",
      "integrity": "sha512-D+zkORCbA9f1tdWRK0RaCR3GPv50cMxcrz4X8k5LTSUD1Dkw47mKJEZQNunItRTkWwgtaUSo1RVFRIG9ZXiFYg==",
      "license": "MIT"
    },
    "node_modules/ssri": {
      "version": "12.0.0",
      "resolved": "https://registry.npmjs.org/ssri/-/ssri-12.0.0.tgz",
      "integrity": "sha512-S7iGNosepx9RadX82oimUkvr0Ct7IjJbEbs4mJcTxst8um95J3sDYU1RBEOvdu6oL1Wek2ODI5i4MAw+dZ6cAQ==",
      "license": "ISC",
      "dependencies": {
        "minipass": "^7.0.3"
      },
      "engines": {
        "node": "^18.17.0 || >=20.5.0"
      }
    },
    "node_modules/typescript": {
      "version": "5.7.3",
      "resolved": "https://registry.npmjs.org/typescript/-/typescript-5.7.3.tgz",
      "integrity": "sha512-84MVSjMEHP+FQRPy3pX9sTVV/INIex71s9TL2Gm5FG/WG1SqXeKyZ0k7/blY/4FdOzI12CBy1vGc4og/eus0fw==",
      "dev": true,
      "license": "Apache-2.0",
      "bin": {
        "tsc": "bin/tsc",
        "tsserver": "bin/tsserver"
      },
      "engines": {
        "node": ">=14.17"
      }
    },
    "node_modules/typical": {
      "version": "7.3.0",
      "resolved": "https://registry.npmjs.org/typical/-/typical-7.3.0.tgz",
      "integrity": "sha512-ya4mg/30vm+DOWfBg4YK3j2WD6TWtRkCbasOJr40CseYENzCUby/7rIvXA99JGsQHeNxLbnXdyLLxKSv3tauFw==",
      "license": "MIT",
      "engines": {
        "node": ">=12.17"
      }
    },
    "node_modules/undici-types": {
      "version": "6.20.0",
      "resolved": "https://registry.npmjs.org/undici-types/-/undici-types-6.20.0.tgz",
      "integrity": "sha512-Ny6QZ2Nju20vw1SRHe3d9jVu6gJ+4e3+MMpqu7pqE5HT6WsTSlce++GQmK5UXS8mzV8DSYHrQH+Xrf2jVcuKNg==",
      "dev": true,
      "license": "MIT"
    }
  }
}
